
Microsoft Visual Studio Solution File, Format Version 12.00
# Visual Studio Version 16
VisualStudioVersion = 16.0.31515.178
MinimumVisualStudioVersion = 10.0.40219.1
Project("{FAE04EC0-301F-11D3-BF4B-00C04F79EFBC}") = "CMSupg2", "CMSupg2\CMSupg2.csproj", "{B1AFB0F4-038C-4E97-9CCB-2FB245BB0384}"
EndProject
Global
	GlobalSection(SolutionConfigurationPlatforms) = preSolution
		Debug|Any CPU = Debug|Any CPU
		Release|Any CPU = Release|Any CPU
	EndGlobalSection
	GlobalSection(ProjectConfigurationPlatforms) = postSolution
		{B1AFB0F4-038C-4E97-9CCB-2FB245BB0384}.Debug|Any CPU.ActiveCfg = Debug|Any CPU
		{B1AFB0F4-038C-4E97-9CCB-2FB245BB0384}.Debug|Any CPU.Build.0 = Debug|Any CPU
		{B1AFB0F4-038C-4E97-9CCB-2FB245BB0384}.Release|Any CPU.ActiveCfg = Release|Any CPU
		{B1AFB0F4-038C-4E97-9CCB-2FB245BB0384}.Release|Any CPU.Build.0 = Release|Any CPU
	EndGlobalSection
	GlobalSection(SolutionProperties) = preSolution
		HideSolutionNode = FALSE
	EndGlobalSection
	GlobalSection(ExtensibilityGlobals) = postSolution
		SolutionGuid = {7A01E687-CEB2-49A7-BC08-3D73284BA296}
	EndGlobalSection
EndGlobal
